
Microsoft Visual Studio Solution File, Format Version 12.00
# Visual Studio 15
VisualStudioVersion = 15.0.28010.2050
MinimumVisualStudioVersion = 10.0.40219.1
Project("{FAE04EC0-301F-11D3-BF4B-00C04F79EFBC}") = "ISET2018_WebServices", "ISET2018_WebServices\ISET2018_WebServices.csproj", "{0DA3EFA9-9503-4BAA-8317-E866E0D6B27B}"
EndProject
Global
	GlobalSection(SolutionConfigurationPlatforms) = preSolution
		Debug|Any CPU = Debug|Any CPU
		Release|Any CPU = Release|Any CPU
	EndGlobalSection
	GlobalSection(ProjectConfigurationPlatforms) = postSolution
		{0DA3EFA9-9503-4BAA-8317-E866E0D6B27B}.Debug|Any CPU.ActiveCfg = Debug|Any CPU
		{0DA3EFA9-9503-4BAA-8317-E866E0D6B27B}.Debug|Any CPU.Build.0 = Debug|Any CPU
		{0DA3EFA9-9503-4BAA-8317-E866E0D6B27B}.Release|Any CPU.ActiveCfg = Release|Any CPU
		{0DA3EFA9-9503-4BAA-8317-E866E0D6B27B}.Release|Any CPU.Build.0 = Release|Any CPU
	EndGlobalSection
	GlobalSection(SolutionProperties) = preSolution
		HideSolutionNode = FALSE
	EndGlobalSection
	GlobalSection(ExtensibilityGlobals) = postSolution
		SolutionGuid = {673E0798-FC45-4D27-AB5F-A37DA47DE1E3}
	EndGlobalSection
EndGlobal
